
Microsoft Visual Studio Solution File, Format Version 12.00
# Visual Studio Version 17
VisualStudioVersion = 17.10.35122.118
MinimumVisualStudioVersion = 10.0.40219.1
Project("{FAE04EC0-301F-11D3-BF4B-00C04F79EFBC}") = "WingedPlate.API", "WingedPlate.API\WingedPlate.API.csproj", "{1A2CE3E1-E59E-41F5-AB95-A56F69A63412}"
EndProject
Project("{FAE04EC0-301F-11D3-BF4B-00C04F79EFBC}") = "WingedPlate.Domain", "WingedPlate.Domain\WingedPlate.Domain.csproj", "{8EB9F8AE-A1EE-4E63-8E73-59BABEFF63A3}"
EndProject
Global
	GlobalSection(SolutionConfigurationPlatforms) = preSolution
		Debug|Any CPU = Debug|Any CPU
		Release|Any CPU = Release|Any CPU
	EndGlobalSection
	GlobalSection(ProjectConfigurationPlatforms) = postSolution
		{1A2CE3E1-E59E-41F5-AB95-A56F69A63412}.Debug|Any CPU.ActiveCfg = Debug|Any CPU
		{1A2CE3E1-E59E-41F5-AB95-A56F69A63412}.Debug|Any CPU.Build.0 = Debug|Any CPU
		{1A2CE3E1-E59E-41F5-AB95-A56F69A63412}.Release|Any CPU.ActiveCfg = Release|Any CPU
		{1A2CE3E1-E59E-41F5-AB95-A56F69A63412}.Release|Any CPU.Build.0 = Release|Any CPU
		{8EB9F8AE-A1EE-4E63-8E73-59BABEFF63A3}.Debug|Any CPU.ActiveCfg = Debug|Any CPU
		{8EB9F8AE-A1EE-4E63-8E73-59BABEFF63A3}.Debug|Any CPU.Build.0 = Debug|Any CPU
		{8EB9F8AE-A1EE-4E63-8E73-59BABEFF63A3}.Release|Any CPU.ActiveCfg = Release|Any CPU
		{8EB9F8AE-A1EE-4E63-8E73-59BABEFF63A3}.Release|Any CPU.Build.0 = Release|Any CPU
	EndGlobalSection
	GlobalSection(SolutionProperties) = preSolution
		HideSolutionNode = FALSE
	EndGlobalSection
	GlobalSection(ExtensibilityGlobals) = postSolution
		SolutionGuid = {88673E2F-B9FA-473B-BCFC-64767DDB7D60}
	EndGlobalSection
EndGlobal
